
Microsoft Visual Studio Solution File, Format Version 12.00
# Visual Studio Version 17
VisualStudioVersion = 17.4.33213.308
MinimumVisualStudioVersion = 10.0.40219.1
Project("{FAE04EC0-301F-11D3-BF4B-00C04F79EFBC}") = "TjcPlaygroundXUnitMoqUat", "TjcPlaygroundXUnitMoqUat\TjcPlaygroundXUnitMoqUat.csproj", "{38F234DF-06AA-4BD3-92C6-A486B4A38CAA}"
EndProject
Global
	GlobalSection(SolutionConfigurationPlatforms) = preSolution
		Debug|Any CPU = Debug|Any CPU
		Release|Any CPU = Release|Any CPU
	EndGlobalSection
	GlobalSection(ProjectConfigurationPlatforms) = postSolution
		{38F234DF-06AA-4BD3-92C6-A486B4A38CAA}.Debug|Any CPU.ActiveCfg = Debug|Any CPU
		{38F234DF-06AA-4BD3-92C6-A486B4A38CAA}.Debug|Any CPU.Build.0 = Debug|Any CPU
		{38F234DF-06AA-4BD3-92C6-A486B4A38CAA}.Release|Any CPU.ActiveCfg = Release|Any CPU
		{38F234DF-06AA-4BD3-92C6-A486B4A38CAA}.Release|Any CPU.Build.0 = Release|Any CPU
	EndGlobalSection
	GlobalSection(SolutionProperties) = preSolution
		HideSolutionNode = FALSE
	EndGlobalSection
	GlobalSection(ExtensibilityGlobals) = postSolution
		SolutionGuid = {0F05897C-9B10-4A6F-A463-099581120C15}
	EndGlobalSection
EndGlobal
